
Microsoft Visual Studio Solution File, Format Version 12.00
# Visual Studio Version 17
VisualStudioVersion = 17.0.31903.59
MinimumVisualStudioVersion = 10.0.40219.1
Project("{FAE04EC0-301F-11D3-BF4B-00C04F79EFBC}") = "API", "API\API.csproj", "{D457A584-A880-402C-91DD-9F992167F553}"
EndProject
Project("{FAE04EC0-301F-11D3-BF4B-00C04F79EFBC}") = "Core", "Core\Core.csproj", "{757A35D5-5C1A-49E4-8BBF-A6D1AE1DCB16}"
EndProject
Project("{FAE04EC0-301F-11D3-BF4B-00C04F79EFBC}") = "Infrastructure", "Infrastructure\Infrastructure.csproj", "{C2C0F7CE-70FE-4411-AC49-4AD9EFB0051B}"
EndProject
Global
	GlobalSection(SolutionConfigurationPlatforms) = preSolution
		Debug|Any CPU = Debug|Any CPU
		Debug|x64 = Debug|x64
		Debug|x86 = Debug|x86
		Release|Any CPU = Release|Any CPU
		Release|x64 = Release|x64
		Release|x86 = Release|x86
	EndGlobalSection
	GlobalSection(ProjectConfigurationPlatforms) = postSolution
		{D457A584-A880-402C-91DD-9F992167F553}.Debug|Any CPU.ActiveCfg = Debug|Any CPU
		{D457A584-A880-402C-91DD-9F992167F553}.Debug|Any CPU.Build.0 = Debug|Any CPU
		{D457A584-A880-402C-91DD-9F992167F553}.Debug|x64.ActiveCfg = Debug|Any CPU
		{D457A584-A880-402C-91DD-9F992167F553}.Debug|x64.Build.0 = Debug|Any CPU
		{D457A584-A880-402C-91DD-9F992167F553}.Debug|x86.ActiveCfg = Debug|Any CPU
		{D457A584-A880-402C-91DD-9F992167F553}.Debug|x86.Build.0 = Debug|Any CPU
		{D457A584-A880-402C-91DD-9F992167F553}.Release|Any CPU.ActiveCfg = Release|Any CPU
		{D457A584-A880-402C-91DD-9F992167F553}.Release|Any CPU.Build.0 = Release|Any CPU
		{D457A584-A880-402C-91DD-9F992167F553}.Release|x64.ActiveCfg = Release|Any CPU
		{D457A584-A880-402C-91DD-9F992167F553}.Release|x64.Build.0 = Release|Any CPU
		{D457A584-A880-402C-91DD-9F992167F553}.Release|x86.ActiveCfg = Release|Any CPU
		{D457A584-A880-402C-91DD-9F992167F553}.Release|x86.Build.0 = Release|Any CPU
		{757A35D5-5C1A-49E4-8BBF-A6D1AE1DCB16}.Debug|Any CPU.ActiveCfg = Debug|Any CPU
		{757A35D5-5C1A-49E4-8BBF-A6D1AE1DCB16}.Debug|Any CPU.Build.0 = Debug|Any CPU
		{757A35D5-5C1A-49E4-8BBF-A6D1AE1DCB16}.Debug|x64.ActiveCfg = Debug|Any CPU
		{757A35D5-5C1A-49E4-8BBF-A6D1AE1DCB16}.Debug|x64.Build.0 = Debug|Any CPU
		{757A35D5-5C1A-49E4-8BBF-A6D1AE1DCB16}.Debug|x86.ActiveCfg = Debug|Any CPU
		{757A35D5-5C1A-49E4-8BBF-A6D1AE1DCB16}.Debug|x86.Build.0 = Debug|Any CPU
		{757A35D5-5C1A-49E4-8BBF-A6D1AE1DCB16}.Release|Any CPU.ActiveCfg = Release|Any CPU
		{757A35D5-5C1A-49E4-8BBF-A6D1AE1DCB16}.Release|Any CPU.Build.0 = Release|Any CPU
		{757A35D5-5C1A-49E4-8BBF-A6D1AE1DCB16}.Release|x64.ActiveCfg = Release|Any CPU
		{757A35D5-5C1A-49E4-8BBF-A6D1AE1DCB16}.Release|x64.Build.0 = Release|Any CPU
		{757A35D5-5C1A-49E4-8BBF-A6D1AE1DCB16}.Release|x86.ActiveCfg = Release|Any CPU
		{757A35D5-5C1A-49E4-8BBF-A6D1AE1DCB16}.Release|x86.Build.0 = Release|Any CPU
		{C2C0F7CE-70FE-4411-AC49-4AD9EFB0051B}.Debug|Any CPU.ActiveCfg = Debug|Any CPU
		{C2C0F7CE-70FE-4411-AC49-4AD9EFB0051B}.Debug|Any CPU.Build.0 = Debug|Any CPU
		{C2C0F7CE-70FE-4411-AC49-4AD9EFB0051B}.Debug|x64.ActiveCfg = Debug|Any CPU
		{C2C0F7CE-70FE-4411-AC49-4AD9EFB0051B}.Debug|x64.Build.0 = Debug|Any CPU
		{C2C0F7CE-70FE-4411-AC49-4AD9EFB0051B}.Debug|x86.ActiveCfg = Debug|Any CPU
		{C2C0F7CE-70FE-4411-AC49-4AD9EFB0051B}.Debug|x86.Build.0 = Debug|Any CPU
		{C2C0F7CE-70FE-4411-AC49-4AD9EFB0051B}.Release|Any CPU.ActiveCfg = Release|Any CPU
		{C2C0F7CE-70FE-4411-AC49-4AD9EFB0051B}.Release|Any CPU.Build.0 = Release|Any CPU
		{C2C0F7CE-70FE-4411-AC49-4AD9EFB0051B}.Release|x64.ActiveCfg = Release|Any CPU
		{C2C0F7CE-70FE-4411-AC49-4AD9EFB0051B}.Release|x64.Build.0 = Release|Any CPU
		{C2C0F7CE-70FE-4411-AC49-4AD9EFB0051B}.Release|x86.ActiveCfg = Release|Any CPU
		{C2C0F7CE-70FE-4411-AC49-4AD9EFB0051B}.Release|x86.Build.0 = Release|Any CPU
	EndGlobalSection
	GlobalSection(SolutionProperties) = preSolution
		HideSolutionNode = FALSE
	EndGlobalSection
EndGlobal
